
Microsoft Visual Studio Solution File, Format Version 12.00
# Visual Studio Version 16
VisualStudioVersion = 16.0.30717.126
MinimumVisualStudioVersion = 10.0.40219.1
Project("{9A19103F-16F7-4668-BE54-9A1E7A4F7556}") = "eContadiAPI", "eContadiAPI\eContadiAPI.csproj", "{2D9DE509-A3EA-4E93-A3F6-7AC2D719798E}"
EndProject
Project("{9A19103F-16F7-4668-BE54-9A1E7A4F7556}") = "eContadi.Core", "eContadi.Core\eContadi.Core.csproj", "{D3EACC04-A161-4BE6-80E6-B57AEC5A523D}"
EndProject
Project("{9A19103F-16F7-4668-BE54-9A1E7A4F7556}") = "eContadi.Data", "eContadi.Data\eContadi.Data.csproj", "{16BCAAA2-35A4-4F12-8B22-EB6737FE751C}"
EndProject
Project("{9A19103F-16F7-4668-BE54-9A1E7A4F7556}") = "eContadi.Services", "eContadi.Services\eContadi.Services.csproj", "{AC011A5C-B26C-4EB2-9F32-E97FE843B037}"
EndProject
Project("{9A19103F-16F7-4668-BE54-9A1E7A4F7556}") = "eContadi.Views", "eContadi.Views\eContadi.Views.csproj", "{A4E30B4F-D05B-45E1-AB14-DC504F71DE34}"
EndProject
Project("{9A19103F-16F7-4668-BE54-9A1E7A4F7556}") = "Tools", "Tools\Tools.csproj", "{69E3798D-0290-4D69-87A8-756482D65065}"
EndProject
Project("{FAE04EC0-301F-11D3-BF4B-00C04F79EFBC}") = "eContadi.DataDapper", "eContadi.DataDapper\eContadi.DataDapper.csproj", "{E42389B0-CEDA-4088-83E8-10C92D15B813}"
EndProject
Global
	GlobalSection(SolutionConfigurationPlatforms) = preSolution
		Debug|Any CPU = Debug|Any CPU
		Release|Any CPU = Release|Any CPU
	EndGlobalSection
	GlobalSection(ProjectConfigurationPlatforms) = postSolution
		{2D9DE509-A3EA-4E93-A3F6-7AC2D719798E}.Debug|Any CPU.ActiveCfg = Debug|Any CPU
		{2D9DE509-A3EA-4E93-A3F6-7AC2D719798E}.Debug|Any CPU.Build.0 = Debug|Any CPU
		{2D9DE509-A3EA-4E93-A3F6-7AC2D719798E}.Release|Any CPU.ActiveCfg = Release|Any CPU
		{2D9DE509-A3EA-4E93-A3F6-7AC2D719798E}.Release|Any CPU.Build.0 = Release|Any CPU
		{D3EACC04-A161-4BE6-80E6-B57AEC5A523D}.Debug|Any CPU.ActiveCfg = Debug|Any CPU
		{D3EACC04-A161-4BE6-80E6-B57AEC5A523D}.Debug|Any CPU.Build.0 = Debug|Any CPU
		{D3EACC04-A161-4BE6-80E6-B57AEC5A523D}.Release|Any CPU.ActiveCfg = Release|Any CPU
		{D3EACC04-A161-4BE6-80E6-B57AEC5A523D}.Release|Any CPU.Build.0 = Release|Any CPU
		{16BCAAA2-35A4-4F12-8B22-EB6737FE751C}.Debug|Any CPU.ActiveCfg = Debug|Any CPU
		{16BCAAA2-35A4-4F12-8B22-EB6737FE751C}.Debug|Any CPU.Build.0 = Debug|Any CPU
		{16BCAAA2-35A4-4F12-8B22-EB6737FE751C}.Release|Any CPU.ActiveCfg = Release|Any CPU
		{16BCAAA2-35A4-4F12-8B22-EB6737FE751C}.Release|Any CPU.Build.0 = Release|Any CPU
		{AC011A5C-B26C-4EB2-9F32-E97FE843B037}.Debug|Any CPU.ActiveCfg = Debug|Any CPU
		{AC011A5C-B26C-4EB2-9F32-E97FE843B037}.Debug|Any CPU.Build.0 = Debug|Any CPU
		{AC011A5C-B26C-4EB2-9F32-E97FE843B037}.Release|Any CPU.ActiveCfg = Release|Any CPU
		{AC011A5C-B26C-4EB2-9F32-E97FE843B037}.Release|Any CPU.Build.0 = Release|Any CPU
		{A4E30B4F-D05B-45E1-AB14-DC504F71DE34}.Debug|Any CPU.ActiveCfg = Debug|Any CPU
		{A4E30B4F-D05B-45E1-AB14-DC504F71DE34}.Debug|Any CPU.Build.0 = Debug|Any CPU
		{A4E30B4F-D05B-45E1-AB14-DC504F71DE34}.Release|Any CPU.ActiveCfg = Release|Any CPU
		{A4E30B4F-D05B-45E1-AB14-DC504F71DE34}.Release|Any CPU.Build.0 = Release|Any CPU
		{69E3798D-0290-4D69-87A8-756482D65065}.Debug|Any CPU.ActiveCfg = Debug|Any CPU
		{69E3798D-0290-4D69-87A8-756482D65065}.Debug|Any CPU.Build.0 = Debug|Any CPU
		{69E3798D-0290-4D69-87A8-756482D65065}.Release|Any CPU.ActiveCfg = Release|Any CPU
		{69E3798D-0290-4D69-87A8-756482D65065}.Release|Any CPU.Build.0 = Release|Any CPU
		{E42389B0-CEDA-4088-83E8-10C92D15B813}.Debug|Any CPU.ActiveCfg = Debug|Any CPU
		{E42389B0-CEDA-4088-83E8-10C92D15B813}.Debug|Any CPU.Build.0 = Debug|Any CPU
		{E42389B0-CEDA-4088-83E8-10C92D15B813}.Release|Any CPU.ActiveCfg = Release|Any CPU
		{E42389B0-CEDA-4088-83E8-10C92D15B813}.Release|Any CPU.Build.0 = Release|Any CPU
	EndGlobalSection
	GlobalSection(SolutionProperties) = preSolution
		HideSolutionNode = FALSE
	EndGlobalSection
	GlobalSection(ExtensibilityGlobals) = postSolution
		SolutionGuid = {B4611E5E-91E7-452E-A7BD-A8F9C13A0FA9}
	EndGlobalSection
EndGlobal
